Microsoft Visual Studio Solution File, Format Version 11.00
# Visual Studio 2008

Project("{82217F4D-E3CF-A817-C505-0009A2682183}") = "breakOutGameHigherVersion.5.3", "Assembly-UnityScript.unityproj", "{A400F347-F697-EDAD-706C-C1A46C593441}"
EndProject
Global
	GlobalSection(SolutionConfigurationPlatforms) = preSolution
		Debug|Any CPU = Debug|Any CPU
		Release|Any CPU = Release|Any CPU
	EndGlobalSection
	GlobalSection(ProjectConfigurationPlatforms) = postSolution
		{A400F347-F697-EDAD-706C-C1A46C593441}.Debug|Any CPU.ActiveCfg = Debug|Any CPU
		{A400F347-F697-EDAD-706C-C1A46C593441}.Debug|Any CPU.Build.0 = Debug|Any CPU
		{A400F347-F697-EDAD-706C-C1A46C593441}.Release|Any CPU.ActiveCfg = Release|Any CPU
		{A400F347-F697-EDAD-706C-C1A46C593441}.Release|Any CPU.Build.0 = Release|Any CPU
	EndGlobalSection
	GlobalSection(SolutionProperties) = preSolution
		HideSolutionNode = FALSE
	EndGlobalSection
	GlobalSection(MonoDevelopProperties) = preSolution
		StartupItem = Assembly-CSharp.csproj
	EndGlobalSection
EndGlobal
