Microsoft Visual Studio Solution File, Format Version 11.00
# Visual Studio 2008

Project("{5D31A5BA-9B18-36DE-34A8-7D4BDA9AF1EA}") = "BreakOutBallParticleSysytem", "Assembly-UnityScript.unityproj", "{F3A653F7-04BC-9178-A41C-C8AA8859144E}"
EndProject
Global
	GlobalSection(SolutionConfigurationPlatforms) = preSolution
		Debug|Any CPU = Debug|Any CPU
		Release|Any CPU = Release|Any CPU
	EndGlobalSection
	GlobalSection(ProjectConfigurationPlatforms) = postSolution
		{F3A653F7-04BC-9178-A41C-C8AA8859144E}.Debug|Any CPU.ActiveCfg = Debug|Any CPU
		{F3A653F7-04BC-9178-A41C-C8AA8859144E}.Debug|Any CPU.Build.0 = Debug|Any CPU
		{F3A653F7-04BC-9178-A41C-C8AA8859144E}.Release|Any CPU.ActiveCfg = Release|Any CPU
		{F3A653F7-04BC-9178-A41C-C8AA8859144E}.Release|Any CPU.Build.0 = Release|Any CPU
	EndGlobalSection
	GlobalSection(SolutionProperties) = preSolution
		HideSolutionNode = FALSE
	EndGlobalSection
	GlobalSection(MonoDevelopProperties) = preSolution
		StartupItem = Assembly-CSharp.csproj
	EndGlobalSection
EndGlobal
